
Microsoft Visual Studio Solution File, Format Version 12.00
# Visual Studio Version 17
VisualStudioVersion = 17.8.34525.116
MinimumVisualStudioVersion = 10.0.40219.1
Project("{FAE04EC0-301F-11D3-BF4B-00C04F79EFBC}") = "HomeTask_19.02.2024", "HomeTask_19.02.2024\HomeTask_19.02.2024.csproj", "{323F2790-7610-48B5-913B-FC06C173555D}"
EndProject
Global
	GlobalSection(SolutionConfigurationPlatforms) = preSolution
		Debug|Any CPU = Debug|Any CPU
		Release|Any CPU = Release|Any CPU
	EndGlobalSection
	GlobalSection(ProjectConfigurationPlatforms) = postSolution
		{323F2790-7610-48B5-913B-FC06C173555D}.Debug|Any CPU.ActiveCfg = Debug|Any CPU
		{323F2790-7610-48B5-913B-FC06C173555D}.Debug|Any CPU.Build.0 = Debug|Any CPU
		{323F2790-7610-48B5-913B-FC06C173555D}.Release|Any CPU.ActiveCfg = Release|Any CPU
		{323F2790-7610-48B5-913B-FC06C173555D}.Release|Any CPU.Build.0 = Release|Any CPU
	EndGlobalSection
	GlobalSection(SolutionProperties) = preSolution
		HideSolutionNode = FALSE
	EndGlobalSection
	GlobalSection(ExtensibilityGlobals) = postSolution
		SolutionGuid = {2213460B-5254-4BC9-A895-D2749C88BF50}
	EndGlobalSection
EndGlobal
